{
  "requires": true,
  "lockfileVersion": 1,
  "dependencies": {
    "@babel/runtime-corejs2": {
      "version": "7.9.2",
      "resolved": "https://registry.npmjs.org/@babel/runtime-corejs2/-/runtime-corejs2-7.9.2.tgz",
      "integrity": "sha512-ayjSOxuK2GaSDJFCtLgHnYjuMyIpViNujWrZo8GUpN60/n7juzJKK5yOo6RFVb0zdU9ACJFK+MsZrUnj3OmXMw==",
      "requires": {
        "core-js": "^2.6.5",
        "regenerator-runtime": "^0.13.4"
      }
    },
    "core-js": {
      "version": "2.6.11",
      "resolved": "https://registry.npmjs.org/core-js/-/core-js-2.6.11.tgz",
      "integrity": "sha512-5wjnpaT/3dV+XB4borEsnAYQchn00XSgTAWKDkEqv+K8KevjbzmofK6hfJ9TZIlpj2N0xQpazy7PiRQiWHqzWg=="
    },
    "react-on-rails": {
      "version": "11.3.0",
      "resolved": "https://registry.npmjs.org/react-on-rails/-/react-on-rails-11.3.0.tgz",
      "integrity": "sha512-3eyoZe+tysxdMy7IZ7Ca6gar268iX1NOJy7hJH8CW9dfNIFWbeWXTVa3G91wrt5xo2toWZLCoj51WcBWw0Rm3Q==",
      "requires": {
        "@babel/runtime-corejs2": "^7.0.0"
      }
    },
    "react_on_rails": {
      "version": "2.0.0-rc.2",
      "resolved": "https://registry.npmjs.org/react_on_rails/-/react_on_rails-2.0.0-rc.2.tgz",
      "integrity": "sha1-o/CepbH2LTq2F5kZ8zx/Io8/aT8="
    },
    "regenerator-runtime": {
      "version": "0.13.5",
      "resolved": "https://registry.npmjs.org/regenerator-runtime/-/regenerator-runtime-0.13.5.tgz",
      "integrity": "sha512-ZS5w8CpKFinUzOwW3c83oPeVXoNsrLsaCoLtJvAClH135j/R77RuymhiSErhm2lKcwSCIpmvIWSbDkIfAqKQlA=="
    }
  }
}
